// !$*UTF8*$!
{
	archiveVersion = 1;
	classes = {
	};
	objectVersion = 50;
	objects = {

/* Begin PBXBuildFile section */
		2144D58023CB48620016B4E8 /* AppDelegate.swift in Sources */ = {isa = PBXBuildFile; fileRef = 2144D57F23CB48620016B4E8 /* AppDelegate.swift */; };
		2144D58223CB48620016B4E8 /* ViewController.swift in Sources */ = {isa = PBXBuildFile; fileRef = 2144D58123CB48620016B4E8 /* ViewController.swift */; };
		2144D58423CB48670016B4E8 /* Assets.xcassets in Resources */ = {isa = PBXBuildFile; fileRef = 2144D58323CB48670016B4E8 /* Assets.xcassets */; };
		2144D58723CB48670016B4E8 /* Main.storyboard in Resources */ = {isa = PBXBuildFile; fileRef = 2144D58523CB48670016B4E8 /* Main.storyboard */; };
		2144D59323CB48670016B4E8 /* BatteryEstimate_HelperTests.swift in Sources */ = {isa = PBXBuildFile; fileRef = 2144D59223CB48670016B4E8 /* BatteryEstimate_HelperTests.swift */; };
		2144D59E23CB48670016B4E8 /* BatteryEstimate_HelperUITests.swift in Sources */ = {isa = PBXBuildFile; fileRef = 2144D59D23CB48670016B4E8 /* BatteryEstimate_HelperUITests.swift */; };
/* End PBXBuildFile section */

/* Begin PBXContainerItemProxy section */
		2144D58F23CB48670016B4E8 /* PBXContainerItemProxy */ = {
			isa = PBXContainerItemProxy;
			containerPortal = 2144D57423CB48620016B4E8 /* Project object */;
			proxyType = 1;
			remoteGlobalIDString = 2144D57B23CB48620016B4E8;
			remoteInfo = "BatteryEstimate Helper";
		};
		2144D59A23CB48670016B4E8 /* PBXContainerItemProxy */ = {
			isa = PBXContainerItemProxy;
			containerPortal = 2144D57423CB48620016B4E8 /* Project object */;
			proxyType = 1;
			remoteGlobalIDString = 2144D57B23CB48620016B4E8;
			remoteInfo = "BatteryEstimate Helper";
		};
/* End PBXContainerItemProxy section */

/* Begin PBXFileReference section */
		2144D57C23CB48620016B4E8 /* BatteryEstimate Helper.app */ = {isa = PBXFileReference; explicitFileType = wrapper.application; includeInIndex = 0; path = "BatteryEstimate Helper.app"; sourceTree = BUILT_PRODUCTS_DIR; };
		2144D57F23CB48620016B4E8 /* AppDelegate.swift */ = {isa = PBXFileReference; lastKnownFileType = sourcecode.swift; path = AppDelegate.swift; sourceTree = "<group>"; };
		2144D58123CB48620016B4E8 /* ViewController.swift */ = {isa = PBXFileReference; lastKnownFileType = sourcecode.swift; path = ViewController.swift; sourceTree = "<group>"; };
		2144D58323CB48670016B4E8 /* Assets.xcassets */ = {isa = PBXFileReference; lastKnownFileType = folder.assetcatalog; path = Assets.xcassets; sourceTree = "<group>"; };
		2144D58623CB48670016B4E8 /* Base */ = {isa = PBXFileReference; lastKnownFileType = file.storyboard; name = Base; path = Base.lproj/Main.storyboard; sourceTree = "<group>"; };
		2144D58823CB48670016B4E8 /* Info.plist */ = {isa = PBXFileReference; lastKnownFileType = text.plist.xml; path = Info.plist; sourceTree = "<group>"; };
		2144D58923CB48670016B4E8 /* BatteryEstimate_Helper.entitlements */ = {isa = PBXFileReference; lastKnownFileType = text.plist.entitlements; path = BatteryEstimate_Helper.entitlements; sourceTree = "<group>"; };
		2144D58E23CB48670016B4E8 /* BatteryEstimate HelperTests.xctest */ = {isa = PBXFileReference; explicitFileType = wrapper.cfbundle; includeInIndex = 0; path = "BatteryEstimate HelperTests.xctest"; sourceTree = BUILT_PRODUCTS_DIR; };
		2144D59223CB48670016B4E8 /* BatteryEstimate_HelperTests.swift */ = {isa = PBXFileReference; lastKnownFileType = sourcecode.swift; path = BatteryEstimate_HelperTests.swift; sourceTree = "<group>"; };
		2144D59423CB48670016B4E8 /* Info.plist */ = {isa = PBXFileReference; lastKnownFileType = text.plist.xml; path = Info.plist; sourceTree = "<group>"; };
		2144D59923CB48670016B4E8 /* BatteryEstimate HelperUITests.xctest */ = {isa = PBXFileReference; explicitFileType = wrapper.cfbundle; includeInIndex = 0; path = "BatteryEstimate HelperUITests.xctest"; sourceTree = BUILT_PRODUCTS_DIR; };
		2144D59D23CB48670016B4E8 /* BatteryEstimate_HelperUITests.swift */ = {isa = PBXFileReference; lastKnownFileType = sourcecode.swift; path = BatteryEstimate_HelperUITests.swift; sourceTree = "<group>"; };
		2144D59F23CB48670016B4E8 /* Info.plist */ = {isa = PBXFileReference; lastKnownFileType = text.plist.xml; path = Info.plist; sourceTree = "<group>"; };
/* End PBXFileReference section */

/* Begin PBXFrameworksBuildPhase section */
		2144D57923CB48620016B4E8 /* Frameworks */ = {
			isa = PBXFrameworksBuildPhase;
			buildActionMask = 2147483647;
			files = (
			);
			runOnlyForDeploymentPostprocessing = 0;
		};
		2144D58B23CB48670016B4E8 /* Frameworks */ = {
			isa = PBXFrameworksBuildPhase;
			buildActionMask = 2147483647;
			files = (
			);
			runOnlyForDeploymentPostprocessing = 0;
		};
		2144D59623CB48670016B4E8 /* Frameworks */ = {
			isa = PBXFrameworksBuildPhase;
			buildActionMask = 2147483647;
			files = (
			);
			runOnlyForDeploymentPostprocessing = 0;
		};
/* End PBXFrameworksBuildPhase section */

/* Begin PBXGroup section */
		2144D57323CB48620016B4E8 = {
			isa = PBXGroup;
			children = (
				2144D57E23CB48620016B4E8 /* BatteryEstimate Helper */,
				2144D59123CB48670016B4E8 /* BatteryEstimate HelperTests */,
				2144D59C23CB48670016B4E8 /* BatteryEstimate HelperUITests */,
				2144D57D23CB48620016B4E8 /* Products */,
			);
			sourceTree = "<group>";
		};
		2144D57D23CB48620016B4E8 /* Products */ = {
			isa = PBXGroup;
			children = (
				2144D57C23CB48620016B4E8 /* BatteryEstimate Helper.app */,
				2144D58E23CB48670016B4E8 /* BatteryEstimate HelperTests.xctest */,
				2144D59923CB48670016B4E8 /* BatteryEstimate HelperUITests.xctest */,
			);
			name = Products;
			sourceTree = "<group>";
		};
		2144D57E23CB48620016B4E8 /* BatteryEstimate Helper */ = {
			isa = PBXGroup;
			children = (
				2144D57F23CB48620016B4E8 /* AppDelegate.swift */,
				2144D58123CB48620016B4E8 /* ViewController.swift */,
				2144D58323CB48670016B4E8 /* Assets.xcassets */,
				2144D58523CB48670016B4E8 /* Main.storyboard */,
				2144D58823CB48670016B4E8 /* Info.plist */,
				2144D58923CB48670016B4E8 /* BatteryEstimate_Helper.entitlements */,
			);
			path = "BatteryEstimate Helper";
			sourceTree = "<group>";
		};
		2144D59123CB48670016B4E8 /* BatteryEstimate HelperTests */ = {
			isa = PBXGroup;
			children = (
				2144D59223CB48670016B4E8 /* BatteryEstimate_HelperTests.swift */,
				2144D59423CB48670016B4E8 /* Info.plist */,
			);
			path = "BatteryEstimate HelperTests";
			sourceTree = "<group>";
		};
		2144D59C23CB48670016B4E8 /* BatteryEstimate HelperUITests */ = {
			isa = PBXGroup;
			children = (
				2144D59D23CB48670016B4E8 /* BatteryEstimate_HelperUITests.swift */,
				2144D59F23CB48670016B4E8 /* Info.plist */,
			);
			path = "BatteryEstimate HelperUITests";
			sourceTree = "<group>";
		};
/* End PBXGroup section */

/* Begin PBXNativeTarget section */
		2144D57B23CB48620016B4E8 /* BatteryEstimate Helper */ = {
			isa = PBXNativeTarget;
			buildConfigurationList = 2144D5A223CB48670016B4E8 /* Build configuration list for PBXNativeTarget "BatteryEstimate Helper" */;
			buildPhases = (
				2144D57823CB48620016B4E8 /* Sources */,
				2144D57923CB48620016B4E8 /* Frameworks */,
				2144D57A23CB48620016B4E8 /* Resources */,
			);
			buildRules = (
			);
			dependencies = (
			);
			name = "BatteryEstimate Helper";
			productName = "BatteryEstimate Helper";
			productReference = 2144D57C23CB48620016B4E8 /* BatteryEstimate Helper.app */;
			productType = "com.apple.product-type.application";
		};
		2144D58D23CB48670016B4E8 /* BatteryEstimate HelperTests */ = {
			isa = PBXNativeTarget;
			buildConfigurationList = 2144D5A523CB48670016B4E8 /* Build configuration list for PBXNativeTarget "BatteryEstimate HelperTests" */;
			buildPhases = (
				2144D58A23CB48670016B4E8 /* Sources */,
				2144D58B23CB48670016B4E8 /* Frameworks */,
				2144D58C23CB48670016B4E8 /* Resources */,
			);
			buildRules = (
			);
			dependencies = (
				2144D59023CB48670016B4E8 /* PBXTargetDependency */,
			);
			name = "BatteryEstimate HelperTests";
			productName = "BatteryEstimate HelperTests";
			productReference = 2144D58E23CB48670016B4E8 /* BatteryEstimate HelperTests.xctest */;
			productType = "com.apple.product-type.bundle.unit-test";
		};
		2144D59823CB48670016B4E8 /* BatteryEstimate HelperUITests */ = {
			isa = PBXNativeTarget;
			buildConfigurationList = 2144D5A823CB48670016B4E8 /* Build configuration list for PBXNativeTarget "BatteryEstimate HelperUITests" */;
			buildPhases = (
				2144D59523CB48670016B4E8 /* Sources */,
				2144D59623CB48670016B4E8 /* Frameworks */,
				2144D59723CB48670016B4E8 /* Resources */,
			);
			buildRules = (
			);
			dependencies = (
				2144D59B23CB48670016B4E8 /* PBXTargetDependency */,
			);
			name = "BatteryEstimate HelperUITests";
			productName = "BatteryEstimate HelperUITests";
			productReference = 2144D59923CB48670016B4E8 /* BatteryEstimate HelperUITests.xctest */;
			productType = "com.apple.product-type.bundle.ui-testing";
		};
/* End PBXNativeTarget section */

/* Begin PBXProject section */
		2144D57423CB48620016B4E8 /* Project object */ = {
			isa = PBXProject;
			attributes = {
				LastSwiftUpdateCheck = 1110;
				LastUpgradeCheck = 1110;
				ORGANIZATIONNAME = "Nafee Workshop";
				TargetAttributes = {
					2144D57B23CB48620016B4E8 = {
						CreatedOnToolsVersion = 11.1;
					};
					2144D58D23CB48670016B4E8 = {
						CreatedOnToolsVersion = 11.1;
						TestTargetID = 2144D57B23CB48620016B4E8;
					};
					2144D59823CB48670016B4E8 = {
						CreatedOnToolsVersion = 11.1;
						TestTargetID = 2144D57B23CB48620016B4E8;
					};
				};
			};
			buildConfigurationList = 2144D57723CB48620016B4E8 /* Build configuration list for PBXProject "BatteryEstimate Helper" */;
			compatibilityVersion = "Xcode 9.3";
			developmentRegion = en;
			hasScannedForEncodings = 0;
			knownRegions = (
				en,
				Base,
			);
			mainGroup = 2144D57323CB48620016B4E8;
			productRefGroup = 2144D57D23CB48620016B4E8 /* Products */;
			projectDirPath = "";
			projectRoot = "";
			targets = (
				2144D57B23CB48620016B4E8 /* BatteryEstimate Helper */,
				2144D58D23CB48670016B4E8 /* BatteryEstimate HelperTests */,
				2144D59823CB48670016B4E8 /* BatteryEstimate HelperUITests */,
			);
		};
/* End PBXProject section */

/* Begin PBXResourcesBuildPhase section */
		2144D57A23CB48620016B4E8 /* Resources */ = {
			isa = PBXResourcesBuildPhase;
			buildActionMask = 2147483647;
			files = (
				2144D58423CB48670016B4E8 /* Assets.xcassets in Resources */,
				2144D58723CB48670016B4E8 /* Main.storyboard in Resources */,
			);
			runOnlyForDeploymentPostprocessing = 0;
		};
		2144D58C23CB48670016B4E8 /* Resources */ = {
			isa = PBXResourcesBuildPhase;
			buildActionMask = 2147483647;
			files = (
			);
			runOnlyForDeploymentPostprocessing = 0;
		};
		2144D59723CB48670016B4E8 /* Resources */ = {
			isa = PBXResourcesBuildPhase;
			buildActionMask = 2147483647;
			files = (
			);
			runOnlyForDeploymentPostprocessing = 0;
		};
/* End PBXResourcesBuildPhase section */

/* Begin PBXSourcesBuildPhase section */
		2144D57823CB48620016B4E8 /* Sources */ = {
			isa = PBXSourcesBuildPhase;
			buildActionMask = 2147483647;
			files = (
				2144D58223CB48620016B4E8 /* ViewController.swift in Sources */,
				2144D58023CB48620016B4E8 /* AppDelegate.swift in Sources */,
			);
			runOnlyForDeploymentPostprocessing = 0;
		};
		2144D58A23CB48670016B4E8 /* Sources */ = {
			isa = PBXSourcesBuildPhase;
			buildActionMask = 2147483647;
			files = (
				2144D59323CB48670016B4E8 /* BatteryEstimate_HelperTests.swift in Sources */,
			);
			runOnlyForDeploymentPostprocessing = 0;
		};
		2144D59523CB48670016B4E8 /* Sources */ = {
			isa = PBXSourcesBuildPhase;
			buildActionMask = 2147483647;
			files = (
				2144D59E23CB48670016B4E8 /* BatteryEstimate_HelperUITests.swift in Sources */,
			);
			runOnlyForDeploymentPostprocessing = 0;
		};
/* End PBXSourcesBuildPhase section */

/* Begin PBXTargetDependency section */
		2144D59023CB48670016B4E8 /* PBXTargetDependency */ = {
			isa = PBXTargetDependency;
			target = 2144D57B23CB48620016B4E8 /* BatteryEstimate Helper */;
			targetProxy = 2144D58F23CB48670016B4E8 /* PBXContainerItemProxy */;
		};
		2144D59B23CB48670016B4E8 /* PBXTargetDependency */ = {
			isa = PBXTargetDependency;
			target = 2144D57B23CB48620016B4E8 /* BatteryEstimate Helper */;
			targetProxy = 2144D59A23CB48670016B4E8 /* PBXContainerItemProxy */;
		};
/* End PBXTargetDependency section */

/* Begin PBXVariantGroup section */
		2144D58523CB48670016B4E8 /* Main.storyboard */ = {
			isa = PBXVariantGroup;
			children = (
				2144D58623CB48670016B4E8 /* Base */,
			);
			name = Main.storyboard;
			sourceTree = "<group>";
		};
/* End PBXVariantGroup section */

/* Begin XCBuildConfiguration section */
		2144D5A023CB48670016B4E8 /* Debug */ = {
			isa = XCBuildConfiguration;
			buildSettings = {
				ALWAYS_SEARCH_USER_PATHS = NO;
				CLANG_ANALYZER_NONNULL = YES;
				CLANG_ANALYZER_NUMBER_OBJECT_CONVERSION = YES_AGGRESSIVE;
				CLANG_CXX_LANGUAGE_STANDARD = "gnu++14";
				CLANG_CXX_LIBRARY = "libc++";
				CLANG_ENABLE_MODULES = YES;
				CLANG_ENABLE_OBJC_ARC = YES;
				CLANG_ENABLE_OBJC_WEAK = YES;
				CLANG_WARN_BLOCK_CAPTURE_AUTORELEASING = YES;
				CLANG_WARN_BOOL_CONVERSION = YES;
				CLANG_WARN_COMMA = YES;
				CLANG_WARN_CONSTANT_CONVERSION = YES;
				CLANG_WARN_DEPRECATED_OBJC_IMPLEMENTATIONS = YES;
				CLANG_WARN_DIRECT_OBJC_ISA_USAGE = YES_ERROR;
				CLANG_WARN_DOCUMENTATION_COMMENTS = YES;
				CLANG_WARN_EMPTY_BODY = YES;
				CLANG_WARN_ENUM_CONVERSION = YES;
				CLANG_WARN_INFINITE_RECURSION = YES;
				CLANG_WARN_INT_CONVERSION = YES;
				CLANG_WARN_NON_LITERAL_NULL_CONVERSION = YES;
				CLANG_WARN_OBJC_IMPLICIT_RETAIN_SELF = YES;
				CLANG_WARN_OBJC_LITERAL_CONVERSION = YES;
				CLANG_WARN_OBJC_ROOT_CLASS = YES_ERROR;
				CLANG_WARN_RANGE_LOOP_ANALYSIS = YES;
				CLANG_WARN_STRICT_PROTOTYPES = YES;
				CLANG_WARN_SUSPICIOUS_MOVE = YES;
				CLANG_WARN_UNGUARDED_AVAILABILITY = YES_AGGRESSIVE;
				CLANG_WARN_UNREACHABLE_CODE = YES;
				CLANG_WARN__DUPLICATE_METHOD_MATCH = YES;
				COPY_PHASE_STRIP = NO;
				DEBUG_INFORMATION_FORMAT = dwarf;
				ENABLE_STRICT_OBJC_MSGSEND = YES;
				ENABLE_TESTABILITY = YES;
				GCC_C_LANGUAGE_STANDARD = gnu11;
				GCC_DYNAMIC_NO_PIC = NO;
				GCC_NO_COMMON_BLOCKS = YES;
				GCC_OPTIMIZATION_LEVEL = 0;
				GCC_PREPROCESSOR_DEFINITIONS = (
					"DEBUG=1",
					"$(inherited)",
				);
				GCC_WARN_64_TO_32_BIT_CONVERSION = YES;
				GCC_WARN_ABOUT_RETURN_TYPE = YES_ERROR;
				GCC_WARN_UNDECLARED_SELECTOR = YES;
				GCC_WARN_UNINITIALIZED_AUTOS = YES_AGGRESSIVE;
				GCC_WARN_UNUSED_FUNCTION = YES;
				GCC_WARN_UNUSED_VARIABLE = YES;
				MACOSX_DEPLOYMENT_TARGET = 10.14;
				MTL_ENABLE_DEBUG_INFO = INCLUDE_SOURCE;
				MTL_FAST_MATH = YES;
				ONLY_ACTIVE_ARCH = YES;
				SDKROOT = macosx;
				SWIFT_ACTIVE_COMPILATION_CONDITIONS = DEBUG;
				SWIFT_OPTIMIZATION_LEVEL = "-Onone";
			};
			name = Debug;
		};
		2144D5A123CB48670016B4E8 /* Release */ = {
			isa = XCBuildConfiguration;
			buildSettings = {
				ALWAYS_SEARCH_USER_PATHS = NO;
				CLANG_ANALYZER_NONNULL = YES;
				CLANG_ANALYZER_NUMBER_OBJECT_CONVERSION = YES_AGGRESSIVE;
				CLANG_CXX_LANGUAGE_STANDARD = "gnu++14";
				CLANG_CXX_LIBRARY = "libc++";
				CLANG_ENABLE_MODULES = YES;
				CLANG_ENABLE_OBJC_ARC = YES;
				CLANG_ENABLE_OBJC_WEAK = YES;
				CLANG_WARN_BLOCK_CAPTURE_AUTORELEASING = YES;
				CLANG_WARN_BOOL_CONVERSION = YES;
				CLANG_WARN_COMMA = YES;
				CLANG_WARN_CONSTANT_CONVERSION = YES;
				CLANG_WARN_DEPRECATED_OBJC_IMPLEMENTATIONS = YES;
				CLANG_WARN_DIRECT_OBJC_ISA_USAGE = YES_ERROR;
				CLANG_WARN_DOCUMENTATION_COMMENTS = YES;
				CLANG_WARN_EMPTY_BODY = YES;
				CLANG_WARN_ENUM_CONVERSION = YES;
				CLANG_WARN_INFINITE_RECURSION = YES;
				CLANG_WARN_INT_CONVERSION = YES;
				CLANG_WARN_NON_LITERAL_NULL_CONVERSION = YES;
				CLANG_WARN_OBJC_IMPLICIT_RETAIN_SELF = YES;
				CLANG_WARN_OBJC_LITERAL_CONVERSION = YES;
				CLANG_WARN_OBJC_ROOT_CLASS = YES_ERROR;
				CLANG_WARN_RANGE_LOOP_ANALYSIS = YES;
				CLANG_WARN_STRICT_PROTOTYPES = YES;
				CLANG_WARN_SUSPICIOUS_MOVE = YES;
				CLANG_WARN_UNGUARDED_AVAILABILITY = YES_AGGRESSIVE;
				CLANG_WARN_UNREACHABLE_CODE = YES;
				CLANG_WARN__DUPLICATE_METHOD_MATCH = YES;
				COPY_PHASE_STRIP = NO;
				DEBUG_INFORMATION_FORMAT = "dwarf-with-dsym";
				ENABLE_NS_ASSERTIONS = NO;
				ENABLE_STRICT_OBJC_MSGSEND = YES;
				GCC_C_LANGUAGE_STANDARD = gnu11;
				GCC_NO_COMMON_BLOCKS = YES;
				GCC_WARN_64_TO_32_BIT_CONVERSION = YES;
				GCC_WARN_ABOUT_RETURN_TYPE = YES_ERROR;
				GCC_WARN_UNDECLARED_SELECTOR = YES;
				GCC_WARN_UNINITIALIZED_AUTOS = YES_AGGRESSIVE;
				GCC_WARN_UNUSED_FUNCTION = YES;
				GCC_WARN_UNUSED_VARIABLE = YES;
				MACOSX_DEPLOYMENT_TARGET = 10.14;
				MTL_ENABLE_DEBUG_INFO = NO;
				MTL_FAST_MATH = YES;
				SDKROOT = macosx;
				SWIFT_COMPILATION_MODE = wholemodule;
				SWIFT_OPTIMIZATION_LEVEL = "-O";
			};
			name = Release;
		};
		2144D5A323CB48670016B4E8 /* Debug */ = {
			isa = XCBuildConfiguration;
			buildSettings = {
				ASSETCATALOG_COMPILER_APPICON_NAME = AppIcon;
				CODE_SIGN_ENTITLEMENTS = "BatteryEstimate Helper/BatteryEstimate_Helper.entitlements";
				CODE_SIGN_STYLE = Automatic;
				COMBINE_HIDPI_IMAGES = YES;
				DEVELOPMENT_TEAM = S5F8M54DQU;
				ENABLE_HARDENED_RUNTIME = YES;
				INFOPLIST_FILE = "BatteryEstimate Helper/Info.plist";
				LD_RUNPATH_SEARCH_PATHS = (
					"$(inherited)",
					"@executable_path/../Frameworks",
				);
				PRODUCT_BUNDLE_IDENTIFIER = "com.nafeeworkshop.BatteryEstimate-Helper";
				PRODUCT_NAME = "$(TARGET_NAME)";
				SWIFT_VERSION = 5.0;
			};
			name = Debug;
		};
		2144D5A423CB48670016B4E8 /* Release */ = {
			isa = XCBuildConfiguration;
			buildSettings = {
				ASSETCATALOG_COMPILER_APPICON_NAME = AppIcon;
				CODE_SIGN_ENTITLEMENTS = "BatteryEstimate Helper/BatteryEstimate_Helper.entitlements";
				CODE_SIGN_STYLE = Automatic;
				COMBINE_HIDPI_IMAGES = YES;
				DEVELOPMENT_TEAM = S5F8M54DQU;
				ENABLE_HARDENED_RUNTIME = YES;
				INFOPLIST_FILE = "BatteryEstimate Helper/Info.plist";
				LD_RUNPATH_SEARCH_PATHS = (
					"$(inherited)",
					"@executable_path/../Frameworks",
				);
				PRODUCT_BUNDLE_IDENTIFIER = "com.nafeeworkshop.BatteryEstimate-Helper";
				PRODUCT_NAME = "$(TARGET_NAME)";
				SWIFT_VERSION = 5.0;
			};
			name = Release;
		};
		2144D5A623CB48670016B4E8 /* Debug */ = {
			isa = XCBuildConfiguration;
			buildSettings = {
				ALWAYS_EMBED_SWIFT_STANDARD_LIBRARIES = YES;
				BUNDLE_LOADER = "$(TEST_HOST)";
				CODE_SIGN_STYLE = Automatic;
				COMBINE_HIDPI_IMAGES = YES;
				DEVELOPMENT_TEAM = S5F8M54DQU;
				INFOPLIST_FILE = "BatteryEstimate HelperTests/Info.plist";
				LD_RUNPATH_SEARCH_PATHS = (
					"$(inherited)",
					"@executable_path/../Frameworks",
					"@loader_path/../Frameworks",
				);
				MACOSX_DEPLOYMENT_TARGET = 10.14;
				PRODUCT_BUNDLE_IDENTIFIER = "com.nafeeworkshop.BatteryEstimate-HelperTests";
				PRODUCT_NAME = "$(TARGET_NAME)";
				SWIFT_VERSION = 5.0;
				TEST_HOST = "$(BUILT_PRODUCTS_DIR)/BatteryEstimate Helper.app/Contents/MacOS/BatteryEstimate Helper";
			};
			name = Debug;
		};
		2144D5A723CB48670016B4E8 /* Release */ = {
			isa = XCBuildConfiguration;
			buildSettings = {
				ALWAYS_EMBED_SWIFT_STANDARD_LIBRARIES = YES;
				BUNDLE_LOADER = "$(TEST_HOST)";
				CODE_SIGN_STYLE = Automatic;
				COMBINE_HIDPI_IMAGES = YES;
				DEVELOPMENT_TEAM = S5F8M54DQU;
				INFOPLIST_FILE = "BatteryEstimate HelperTests/Info.plist";
				LD_RUNPATH_SEARCH_PATHS = (
					"$(inherited)",
					"@executable_path/../Frameworks",
					"@loader_path/../Frameworks",
				);
				MACOSX_DEPLOYMENT_TARGET = 10.14;
				PRODUCT_BUNDLE_IDENTIFIER = "com.nafeeworkshop.BatteryEstimate-HelperTests";
				PRODUCT_NAME = "$(TARGET_NAME)";
				SWIFT_VERSION = 5.0;
				TEST_HOST = "$(BUILT_PRODUCTS_DIR)/BatteryEstimate Helper.app/Contents/MacOS/BatteryEstimate Helper";
			};
			name = Release;
		};
		2144D5A923CB48670016B4E8 /* Debug */ = {
			isa = XCBuildConfiguration;
			buildSettings = {
				ALWAYS_EMBED_SWIFT_STANDARD_LIBRARIES = YES;
				CODE_SIGN_STYLE = Automatic;
				COMBINE_HIDPI_IMAGES = YES;
				DEVELOPMENT_TEAM = S5F8M54DQU;
				INFOPLIST_FILE = "BatteryEstimate HelperUITests/Info.plist";
				LD_RUNPATH_SEARCH_PATHS = (
					"$(inherited)",
					"@executable_path/../Frameworks",
					"@loader_path/../Frameworks",
				);
				PRODUCT_BUNDLE_IDENTIFIER = "com.nafeeworkshop.BatteryEstimate-HelperUITests";
				PRODUCT_NAME = "$(TARGET_NAME)";
				SWIFT_VERSION = 5.0;
				TEST_TARGET_NAME = "BatteryEstimate Helper";
			};
			name = Debug;
		};
		2144D5AA23CB48670016B4E8 /* Release */ = {
			isa = XCBuildConfiguration;
			buildSettings = {
				ALWAYS_EMBED_SWIFT_STANDARD_LIBRARIES = YES;
				CODE_SIGN_STYLE = Automatic;
				COMBINE_HIDPI_IMAGES = YES;
				DEVELOPMENT_TEAM = S5F8M54DQU;
				INFOPLIST_FILE = "BatteryEstimate HelperUITests/Info.plist";
				LD_RUNPATH_SEARCH_PATHS = (
					"$(inherited)",
					"@executable_path/../Frameworks",
					"@loader_path/../Frameworks",
				);
				PRODUCT_BUNDLE_IDENTIFIER = "com.nafeeworkshop.BatteryEstimate-HelperUITests";
				PRODUCT_NAME = "$(TARGET_NAME)";
				SWIFT_VERSION = 5.0;
				TEST_TARGET_NAME = "BatteryEstimate Helper";
			};
			name = Release;
		};
/* End XCBuildConfiguration section */

/* Begin XCConfigurationList section */
		2144D57723CB48620016B4E8 /* Build configuration list for PBXProject "BatteryEstimate Helper" */ = {
			isa = XCConfigurationList;
			buildConfigurations = (
				2144D5A023CB48670016B4E8 /* Debug */,
				2144D5A123CB48670016B4E8 /* Release */,
			);
			defaultConfigurationIsVisible = 0;
			defaultConfigurationName = Release;
		};
		2144D5A223CB48670016B4E8 /* Build configuration list for PBXNativeTarget "BatteryEstimate Helper" */ = {
			isa = XCConfigurationList;
			buildConfigurations = (
				2144D5A323CB48670016B4E8 /* Debug */,
				2144D5A423CB48670016B4E8 /* Release */,
			);
			defaultConfigurationIsVisible = 0;
			defaultConfigurationName = Release;
		};
		2144D5A523CB48670016B4E8 /* Build configuration list for PBXNativeTarget "BatteryEstimate HelperTests" */ = {
			isa = XCConfigurationList;
			buildConfigurations = (
				2144D5A623CB48670016B4E8 /* Debug */,
				2144D5A723CB48670016B4E8 /* Release */,
			);
			defaultConfigurationIsVisible = 0;
			defaultConfigurationName = Release;
		};
		2144D5A823CB48670016B4E8 /* Build configuration list for PBXNativeTarget "BatteryEstimate HelperUITests" */ = {
			isa = XCConfigurationList;
			buildConfigurations = (
				2144D5A923CB48670016B4E8 /* Debug */,
				2144D5AA23CB48670016B4E8 /* Release */,
			);
			defaultConfigurationIsVisible = 0;
			defaultConfigurationName = Release;
		};
/* End XCConfigurationList section */
	};
	rootObject = 2144D57423CB48620016B4E8 /* Project object */;
}
